
Microsoft Visual Studio Solution File, Format Version 12.00
# Visual Studio 15
VisualStudioVersion = 15.0.27428.2037
MinimumVisualStudioVersion = 10.0.40219.1
Project("{FAE04EC0-301F-11D3-BF4B-00C04F79EFBC}") = "DonkeysGOL.Core", "DonkeysGOL.Core\DonkeysGOL.Core.csproj", "{9431B639-4E18-42E3-AD11-F0FE22C8982A}"
EndProject
Project("{FAE04EC0-301F-11D3-BF4B-00C04F79EFBC}") = "DonkeysGOL.WPF", "DonkeysGOL.WPF\DonkeysGOL.WPF.csproj", "{61043EA4-D3E8-4ABF-A916-B97EA726CA37}"
EndProject
Project("{FAE04EC0-301F-11D3-BF4B-00C04F79EFBC}") = "DonkeysGOL.Console", "DonkeysGOL.Console\DonkeysGOL.Console.csproj", "{F5AFE054-576D-4E1F-9DF2-5CF5180C8273}"
EndProject
Global
	GlobalSection(SolutionConfigurationPlatforms) = preSolution
		Debug|Any CPU = Debug|Any CPU
		Release|Any CPU = Release|Any CPU
	EndGlobalSection
	GlobalSection(ProjectConfigurationPlatforms) = postSolution
		{9431B639-4E18-42E3-AD11-F0FE22C8982A}.Debug|Any CPU.ActiveCfg = Debug|Any CPU
		{9431B639-4E18-42E3-AD11-F0FE22C8982A}.Debug|Any CPU.Build.0 = Debug|Any CPU
		{9431B639-4E18-42E3-AD11-F0FE22C8982A}.Release|Any CPU.ActiveCfg = Release|Any CPU
		{9431B639-4E18-42E3-AD11-F0FE22C8982A}.Release|Any CPU.Build.0 = Release|Any CPU
		{61043EA4-D3E8-4ABF-A916-B97EA726CA37}.Debug|Any CPU.ActiveCfg = Debug|Any CPU
		{61043EA4-D3E8-4ABF-A916-B97EA726CA37}.Debug|Any CPU.Build.0 = Debug|Any CPU
		{61043EA4-D3E8-4ABF-A916-B97EA726CA37}.Release|Any CPU.ActiveCfg = Release|Any CPU
		{61043EA4-D3E8-4ABF-A916-B97EA726CA37}.Release|Any CPU.Build.0 = Release|Any CPU
		{F5AFE054-576D-4E1F-9DF2-5CF5180C8273}.Debug|Any CPU.ActiveCfg = Debug|Any CPU
		{F5AFE054-576D-4E1F-9DF2-5CF5180C8273}.Debug|Any CPU.Build.0 = Debug|Any CPU
		{F5AFE054-576D-4E1F-9DF2-5CF5180C8273}.Release|Any CPU.ActiveCfg = Release|Any CPU
		{F5AFE054-576D-4E1F-9DF2-5CF5180C8273}.Release|Any CPU.Build.0 = Release|Any CPU
	EndGlobalSection
	GlobalSection(SolutionProperties) = preSolution
		HideSolutionNode = FALSE
	EndGlobalSection
	GlobalSection(ExtensibilityGlobals) = postSolution
		SolutionGuid = {9EDB0130-3858-464E-8910-74AC3A49BED2}
	EndGlobalSection
EndGlobal
